
Microsoft Visual Studio Solution File, Format Version 12.00
# Visual Studio Version 17
VisualStudioVersion = 17.8.34511.84
MinimumVisualStudioVersion = 10.0.40219.1
Project("{FAE04EC0-301F-11D3-BF4B-00C04F79EFBC}") = "VampireTheEverythingSheet.Server", "VampireTheEverythingSheet.Server\VampireTheEverythingSheet.Server.csproj", "{FA06A128-1AE6-46D7-A17B-BA3A8AFBA904}"
EndProject
Project("{54A90642-561A-4BB1-A94E-469ADEE60C69}") = "VampireTheEverythingSheet.Client", "vampiretheeverythingsheet.client\VampireTheEverythingSheet.Client.esproj", "{4C80AF52-060E-4A15-A8B0-52AED62CA469}"
EndProject
Global
	GlobalSection(SolutionConfigurationPlatforms) = preSolution
		Debug|Any CPU = Debug|Any CPU
		Release|Any CPU = Release|Any CPU
	EndGlobalSection
	GlobalSection(ProjectConfigurationPlatforms) = postSolution
		{FA06A128-1AE6-46D7-A17B-BA3A8AFBA904}.Debug|Any CPU.ActiveCfg = Debug|Any CPU
		{FA06A128-1AE6-46D7-A17B-BA3A8AFBA904}.Debug|Any CPU.Build.0 = Debug|Any CPU
		{FA06A128-1AE6-46D7-A17B-BA3A8AFBA904}.Release|Any CPU.ActiveCfg = Release|Any CPU
		{FA06A128-1AE6-46D7-A17B-BA3A8AFBA904}.Release|Any CPU.Build.0 = Release|Any CPU
		{4C80AF52-060E-4A15-A8B0-52AED62CA469}.Debug|Any CPU.ActiveCfg = Debug|Any CPU
		{4C80AF52-060E-4A15-A8B0-52AED62CA469}.Debug|Any CPU.Build.0 = Debug|Any CPU
		{4C80AF52-060E-4A15-A8B0-52AED62CA469}.Debug|Any CPU.Deploy.0 = Debug|Any CPU
		{4C80AF52-060E-4A15-A8B0-52AED62CA469}.Release|Any CPU.ActiveCfg = Release|Any CPU
		{4C80AF52-060E-4A15-A8B0-52AED62CA469}.Release|Any CPU.Build.0 = Release|Any CPU
		{4C80AF52-060E-4A15-A8B0-52AED62CA469}.Release|Any CPU.Deploy.0 = Release|Any CPU
	EndGlobalSection
	GlobalSection(SolutionProperties) = preSolution
		HideSolutionNode = FALSE
	EndGlobalSection
	GlobalSection(ExtensibilityGlobals) = postSolution
		SolutionGuid = {64BBF07C-971D-4AEE-B7D2-549C8F6DA64A}
	EndGlobalSection
EndGlobal
